
Microsoft Visual Studio Solution File, Format Version 12.00
# Visual Studio Version 16
VisualStudioVersion = 16.0.29509.3
MinimumVisualStudioVersion = 10.0.40219.1
Project("{9A19103F-16F7-4668-BE54-9A1E7A4F7556}") = "Mars-Rover", "Mars-Rover\Mars-Rover.csproj", "{CBBC0FCD-1ABF-434C-ACC2-3C4F3BB00A52}"
EndProject
Global
	GlobalSection(SolutionConfigurationPlatforms) = preSolution
		Debug|Any CPU = Debug|Any CPU
		Release|Any CPU = Release|Any CPU
	EndGlobalSection
	GlobalSection(ProjectConfigurationPlatforms) = postSolution
		{CBBC0FCD-1ABF-434C-ACC2-3C4F3BB00A52}.Debug|Any CPU.ActiveCfg = Debug|Any CPU
		{CBBC0FCD-1ABF-434C-ACC2-3C4F3BB00A52}.Debug|Any CPU.Build.0 = Debug|Any CPU
		{CBBC0FCD-1ABF-434C-ACC2-3C4F3BB00A52}.Release|Any CPU.ActiveCfg = Release|Any CPU
		{CBBC0FCD-1ABF-434C-ACC2-3C4F3BB00A52}.Release|Any CPU.Build.0 = Release|Any CPU
	EndGlobalSection
	GlobalSection(SolutionProperties) = preSolution
		HideSolutionNode = FALSE
	EndGlobalSection
	GlobalSection(ExtensibilityGlobals) = postSolution
		SolutionGuid = {30F92C4E-1FA4-439B-83B2-7E53ACD8541D}
	EndGlobalSection
EndGlobal
